{
    "name": "screenlock",
    "version": "0.1.0",
    "lockfileVersion": 1,
    "requires": true,
    "dependencies": {
        "node-addon-api": {
            "version": "3.0.2",
            "resolved": "https://registry.npm.taobao.org/node-addon-api/download/node-addon-api-3.0.2.tgz",
            "integrity": "sha1-BLx7g/2EW6eFu26uJbyFfh73VoE="
        }
    }
}
